
Microsoft Visual Studio Solution File, Format Version 12.00
# Visual Studio Version 16
VisualStudioVersion = 16.0.29411.108
MinimumVisualStudioVersion = 10.0.40219.1
Project("{FAE04EC0-301F-11D3-BF4B-00C04F79EFBC}") = "Conservice", "Conservice\Conservice.csproj", "{CD2789E5-C1F3-4CF5-8300-551A59347FE2}"
EndProject
Global
	GlobalSection(SolutionConfigurationPlatforms) = preSolution
		Debug|Any CPU = Debug|Any CPU
		Release|Any CPU = Release|Any CPU
	EndGlobalSection
	GlobalSection(ProjectConfigurationPlatforms) = postSolution
		{CD2789E5-C1F3-4CF5-8300-551A59347FE2}.Debug|Any CPU.ActiveCfg = Debug|Any CPU
		{CD2789E5-C1F3-4CF5-8300-551A59347FE2}.Debug|Any CPU.Build.0 = Debug|Any CPU
		{CD2789E5-C1F3-4CF5-8300-551A59347FE2}.Release|Any CPU.ActiveCfg = Release|Any CPU
		{CD2789E5-C1F3-4CF5-8300-551A59347FE2}.Release|Any CPU.Build.0 = Release|Any CPU
	EndGlobalSection
	GlobalSection(SolutionProperties) = preSolution
		HideSolutionNode = FALSE
	EndGlobalSection
	GlobalSection(ExtensibilityGlobals) = postSolution
		SolutionGuid = {FAAF1472-BF1C-4455-A239-9A47E047E35C}
	EndGlobalSection
EndGlobal
